
Microsoft Visual Studio Solution File, Format Version 12.00
# Visual Studio 15
VisualStudioVersion = 15.0.34031.82
MinimumVisualStudioVersion = 10.0.40219.1
Project("{FAE04EC0-301F-11D3-BF4B-00C04F79EFBC}") = "MKSVY", "MKSVY\MKSVY.csproj", "{F89C3711-96CE-44ED-89D3-895EA16FD681}"
EndProject
Global
	GlobalSection(SolutionConfigurationPlatforms) = preSolution
		Debug|Any CPU = Debug|Any CPU
		Release|Any CPU = Release|Any CPU
	EndGlobalSection
	GlobalSection(ProjectConfigurationPlatforms) = postSolution
		{F89C3711-96CE-44ED-89D3-895EA16FD681}.Debug|Any CPU.ActiveCfg = Debug|Any CPU
		{F89C3711-96CE-44ED-89D3-895EA16FD681}.Debug|Any CPU.Build.0 = Debug|Any CPU
		{F89C3711-96CE-44ED-89D3-895EA16FD681}.Release|Any CPU.ActiveCfg = Release|Any CPU
		{F89C3711-96CE-44ED-89D3-895EA16FD681}.Release|Any CPU.Build.0 = Release|Any CPU
	EndGlobalSection
	GlobalSection(SolutionProperties) = preSolution
		HideSolutionNode = FALSE
	EndGlobalSection
	GlobalSection(ExtensibilityGlobals) = postSolution
		SolutionGuid = {C98B9CBE-282F-495F-BFC2-B291A823D949}
	EndGlobalSection
EndGlobal
